// !$*UTF8*$!
{
	archiveVersion = 1;
	classes = {
	};
	objectVersion = 46;
	objects = {

/* Begin PBXBuildFile section */
		FBCE6BB11CE5BF0900FA5006 /* main.m in Sources */ = {isa = PBXBuildFile; fileRef = FBCE6BB01CE5BF0900FA5006 /* main.m */; };
		FBCE6BB41CE5BF0900FA5006 /* AppDelegate.m in Sources */ = {isa = PBXBuildFile; fileRef = FBCE6BB31CE5BF0900FA5006 /* AppDelegate.m */; };
		FBCE6BB71CE5BF0900FA5006 /* ViewController.m in Sources */ = {isa = PBXBuildFile; fileRef = FBCE6BB61CE5BF0900FA5006 /* ViewController.m */; };
		FBCE6BBA1CE5BF0900FA5006 /* Main.storyboard in Resources */ = {isa = PBXBuildFile; fileRef = FBCE6BB81CE5BF0900FA5006 /* Main.storyboard */; };
		FBCE6BBC1CE5BF0900FA5006 /* Assets.xcassets in Resources */ = {isa = PBXBuildFile; fileRef = FBCE6BBB1CE5BF0900FA5006 /* Assets.xcassets */; };
		FBCE6BBF1CE5BF0900FA5006 /* LaunchScreen.storyboard in Resources */ = {isa = PBXBuildFile; fileRef = FBCE6BBD1CE5BF0900FA5006 /* LaunchScreen.storyboard */; };
		FBCE6BCA1CE5BF0900FA5006 /* CityChooseTests.m in Sources */ = {isa = PBXBuildFile; fileRef = FBCE6BC91CE5BF0900FA5006 /* CityChooseTests.m */; };
		FBCE6BD51CE5BF0900FA5006 /* CityChooseUITests.m in Sources */ = {isa = PBXBuildFile; fileRef = FBCE6BD41CE5BF0900FA5006 /* CityChooseUITests.m */; };
/* End PBXBuildFile section */

/* Begin PBXContainerItemProxy section */
		FBCE6BC61CE5BF0900FA5006 /* PBXContainerItemProxy */ = {
			isa = PBXContainerItemProxy;
			containerPortal = FBCE6BA41CE5BF0900FA5006 /* Project object */;
			proxyType = 1;
			remoteGlobalIDString = FBCE6BAB1CE5BF0900FA5006;
			remoteInfo = CityChoose;
		};
		FBCE6BD11CE5BF0900FA5006 /* PBXContainerItemProxy */ = {
			isa = PBXContainerItemProxy;
			containerPortal = FBCE6BA41CE5BF0900FA5006 /* Project object */;
			proxyType = 1;
			remoteGlobalIDString = FBCE6BAB1CE5BF0900FA5006;
			remoteInfo = CityChoose;
		};
/* End PBXContainerItemProxy section */

/* Begin PBXFileReference section */
		FBCE6BAC1CE5BF0900FA5006 /* CityChoose.app */ = {isa = PBXFileReference; explicitFileType = wrapper.application; includeInIndex = 0; path = CityChoose.app; sourceTree = BUILT_PRODUCTS_DIR; };
		FBCE6BB01CE5BF0900FA5006 /* main.m */ = {isa = PBXFileReference; lastKnownFileType = sourcecode.c.objc; path = main.m; sourceTree = "<group>"; };
		FBCE6BB21CE5BF0900FA5006 /* AppDelegate.h */ = {isa = PBXFileReference; lastKnownFileType = sourcecode.c.h; path = AppDelegate.h; sourceTree = "<group>"; };
		FBCE6BB31CE5BF0900FA5006 /* AppDelegate.m */ = {isa = PBXFileReference; lastKnownFileType = sourcecode.c.objc; path = AppDelegate.m; sourceTree = "<group>"; };
		FBCE6BB51CE5BF0900FA5006 /* ViewController.h */ = {isa = PBXFileReference; lastKnownFileType = sourcecode.c.h; path = ViewController.h; sourceTree = "<group>"; };
		FBCE6BB61CE5BF0900FA5006 /* ViewController.m */ = {isa = PBXFileReference; lastKnownFileType = sourcecode.c.objc; path = ViewController.m; sourceTree = "<group>"; };
		FBCE6BB91CE5BF0900FA5006 /* Base */ = {isa = PBXFileReference; lastKnownFileType = file.storyboard; name = Base; path = Base.lproj/Main.storyboard; sourceTree = "<group>"; };
		FBCE6BBB1CE5BF0900FA5006 /* Assets.xcassets */ = {isa = PBXFileReference; lastKnownFileType = folder.assetcatalog; path = Assets.xcassets; sourceTree = "<group>"; };
		FBCE6BBE1CE5BF0900FA5006 /* Base */ = {isa = PBXFileReference; lastKnownFileType = file.storyboard; name = Base; path = Base.lproj/LaunchScreen.storyboard; sourceTree = "<group>"; };
		FBCE6BC01CE5BF0900FA5006 /* Info.plist */ = {isa = PBXFileReference; lastKnownFileType = text.plist.xml; path = Info.plist; sourceTree = "<group>"; };
		FBCE6BC51CE5BF0900FA5006 /* CityChooseTests.xctest */ = {isa = PBXFileReference; explicitFileType = wrapper.cfbundle; includeInIndex = 0; path = CityChooseTests.xctest; sourceTree = BUILT_PRODUCTS_DIR; };
		FBCE6BC91CE5BF0900FA5006 /* CityChooseTests.m */ = {isa = PBXFileReference; lastKnownFileType = sourcecode.c.objc; path = CityChooseTests.m; sourceTree = "<group>"; };
		FBCE6BCB1CE5BF0900FA5006 /* Info.plist */ = {isa = PBXFileReference; lastKnownFileType = text.plist.xml; path = Info.plist; sourceTree = "<group>"; };
		FBCE6BD01CE5BF0900FA5006 /* CityChooseUITests.xctest */ = {isa = PBXFileReference; explicitFileType = wrapper.cfbundle; includeInIndex = 0; path = CityChooseUITests.xctest; sourceTree = BUILT_PRODUCTS_DIR; };
		FBCE6BD41CE5BF0900FA5006 /* CityChooseUITests.m */ = {isa = PBXFileReference; lastKnownFileType = sourcecode.c.objc; path = CityChooseUITests.m; sourceTree = "<group>"; };
		FBCE6BD61CE5BF0900FA5006 /* Info.plist */ = {isa = PBXFileReference; lastKnownFileType = text.plist.xml; path = Info.plist; sourceTree = "<group>"; };
/* End PBXFileReference section */

/* Begin PBXFrameworksBuildPhase section */
		FBCE6BA91CE5BF0900FA5006 /* Frameworks */ = {
			isa = PBXFrameworksBuildPhase;
			buildActionMask = 2147483647;
			files = (
			);
			runOnlyForDeploymentPostprocessing = 0;
		};
		FBCE6BC21CE5BF0900FA5006 /* Frameworks */ = {
			isa = PBXFrameworksBuildPhase;
			buildActionMask = 2147483647;
			files = (
			);
			runOnlyForDeploymentPostprocessing = 0;
		};
		FBCE6BCD1CE5BF0900FA5006 /* Frameworks */ = {
			isa = PBXFrameworksBuildPhase;
			buildActionMask = 2147483647;
			files = (
			);
			runOnlyForDeploymentPostprocessing = 0;
		};
/* End PBXFrameworksBuildPhase section */

/* Begin PBXGroup section */
		FBCE6BA31CE5BF0900FA5006 = {
			isa = PBXGroup;
			children = (
				FBCE6BAE1CE5BF0900FA5006 /* CityChoose */,
				FBCE6BC81CE5BF0900FA5006 /* CityChooseTests */,
				FBCE6BD31CE5BF0900FA5006 /* CityChooseUITests */,
				FBCE6BAD1CE5BF0900FA5006 /* Products */,
			);
			sourceTree = "<group>";
		};
		FBCE6BAD1CE5BF0900FA5006 /* Products */ = {
			isa = PBXGroup;
			children = (
				FBCE6BAC1CE5BF0900FA5006 /* CityChoose.app */,
				FBCE6BC51CE5BF0900FA5006 /* CityChooseTests.xctest */,
				FBCE6BD01CE5BF0900FA5006 /* CityChooseUITests.xctest */,
			);
			name = Products;
			sourceTree = "<group>";
		};
		FBCE6BAE1CE5BF0900FA5006 /* CityChoose */ = {
			isa = PBXGroup;
			children = (
				FBCE6BB21CE5BF0900FA5006 /* AppDelegate.h */,
				FBCE6BB31CE5BF0900FA5006 /* AppDelegate.m */,
				FBCE6BB51CE5BF0900FA5006 /* ViewController.h */,
				FBCE6BB61CE5BF0900FA5006 /* ViewController.m */,
				FBCE6BB81CE5BF0900FA5006 /* Main.storyboard */,
				FBCE6BBB1CE5BF0900FA5006 /* Assets.xcassets */,
				FBCE6BBD1CE5BF0900FA5006 /* LaunchScreen.storyboard */,
				FBCE6BC01CE5BF0900FA5006 /* Info.plist */,
				FBCE6BAF1CE5BF0900FA5006 /* Supporting Files */,
			);
			path = CityChoose;
			sourceTree = "<group>";
		};
		FBCE6BAF1CE5BF0900FA5006 /* Supporting Files */ = {
			isa = PBXGroup;
			children = (
				FBCE6BB01CE5BF0900FA5006 /* main.m */,
			);
			name = "Supporting Files";
			sourceTree = "<group>";
		};
		FBCE6BC81CE5BF0900FA5006 /* CityChooseTests */ = {
			isa = PBXGroup;
			children = (
				FBCE6BC91CE5BF0900FA5006 /* CityChooseTests.m */,
				FBCE6BCB1CE5BF0900FA5006 /* Info.plist */,
			);
			path = CityChooseTests;
			sourceTree = "<group>";
		};
		FBCE6BD31CE5BF0900FA5006 /* CityChooseUITests */ = {
			isa = PBXGroup;
			children = (
				FBCE6BD41CE5BF0900FA5006 /* CityChooseUITests.m */,
				FBCE6BD61CE5BF0900FA5006 /* Info.plist */,
			);
			path = CityChooseUITests;
			sourceTree = "<group>";
		};
/* End PBXGroup section */

/* Begin PBXNativeTarget section */
		FBCE6BAB1CE5BF0900FA5006 /* CityChoose */ = {
			isa = PBXNativeTarget;
			buildConfigurationList = FBCE6BD91CE5BF0900FA5006 /* Build configuration list for PBXNativeTarget "CityChoose" */;
			buildPhases = (
				FBCE6BA81CE5BF0900FA5006 /* Sources */,
				FBCE6BA91CE5BF0900FA5006 /* Frameworks */,
				FBCE6BAA1CE5BF0900FA5006 /* Resources */,
			);
			buildRules = (
			);
			dependencies = (
			);
			name = CityChoose;
			productName = CityChoose;
			productReference = FBCE6BAC1CE5BF0900FA5006 /* CityChoose.app */;
			productType = "com.apple.product-type.application";
		};
		FBCE6BC41CE5BF0900FA5006 /* CityChooseTests */ = {
			isa = PBXNativeTarget;
			buildConfigurationList = FBCE6BDC1CE5BF0900FA5006 /* Build configuration list for PBXNativeTarget "CityChooseTests" */;
			buildPhases = (
				FBCE6BC11CE5BF0900FA5006 /* Sources */,
				FBCE6BC21CE5BF0900FA5006 /* Frameworks */,
				FBCE6BC31CE5BF0900FA5006 /* Resources */,
			);
			buildRules = (
			);
			dependencies = (
				FBCE6BC71CE5BF0900FA5006 /* PBXTargetDependency */,
			);
			name = CityChooseTests;
			productName = CityChooseTests;
			productReference = FBCE6BC51CE5BF0900FA5006 /* CityChooseTests.xctest */;
			productType = "com.apple.product-type.bundle.unit-test";
		};
		FBCE6BCF1CE5BF0900FA5006 /* CityChooseUITests */ = {
			isa = PBXNativeTarget;
			buildConfigurationList = FBCE6BDF1CE5BF0900FA5006 /* Build configuration list for PBXNativeTarget "CityChooseUITests" */;
			buildPhases = (
				FBCE6BCC1CE5BF0900FA5006 /* Sources */,
				FBCE6BCD1CE5BF0900FA5006 /* Frameworks */,
				FBCE6BCE1CE5BF0900FA5006 /* Resources */,
			);
			buildRules = (
			);
			dependencies = (
				FBCE6BD21CE5BF0900FA5006 /* PBXTargetDependency */,
			);
			name = CityChooseUITests;
			productName = CityChooseUITests;
			productReference = FBCE6BD01CE5BF0900FA5006 /* CityChooseUITests.xctest */;
			productType = "com.apple.product-type.bundle.ui-testing";
		};
/* End PBXNativeTarget section */

/* Begin PBXProject section */
		FBCE6BA41CE5BF0900FA5006 /* Project object */ = {
			isa = PBXProject;
			attributes = {
				LastUpgradeCheck = 0730;
				ORGANIZATIONNAME = cn.yoyoy.mw;
				TargetAttributes = {
					FBCE6BAB1CE5BF0900FA5006 = {
						CreatedOnToolsVersion = 7.3;
					};
					FBCE6BC41CE5BF0900FA5006 = {
						CreatedOnToolsVersion = 7.3;
						TestTargetID = FBCE6BAB1CE5BF0900FA5006;
					};
					FBCE6BCF1CE5BF0900FA5006 = {
						CreatedOnToolsVersion = 7.3;
						TestTargetID = FBCE6BAB1CE5BF0900FA5006;
					};
				};
			};
			buildConfigurationList = FBCE6BA71CE5BF0900FA5006 /* Build configuration list for PBXProject "CityChoose" */;
			compatibilityVersion = "Xcode 3.2";
			developmentRegion = English;
			hasScannedForEncodings = 0;
			knownRegions = (
				en,
				Base,
			);
			mainGroup = FBCE6BA31CE5BF0900FA5006;
			productRefGroup = FBCE6BAD1CE5BF0900FA5006 /* Products */;
			projectDirPath = "";
			projectRoot = "";
			targets = (
				FBCE6BAB1CE5BF0900FA5006 /* CityChoose */,
				FBCE6BC41CE5BF0900FA5006 /* CityChooseTests */,
				FBCE6BCF1CE5BF0900FA5006 /* CityChooseUITests */,
			);
		};
/* End PBXProject section */

/* Begin PBXResourcesBuildPhase section */
		FBCE6BAA1CE5BF0900FA5006 /* Resources */ = {
			isa = PBXResourcesBuildPhase;
			buildActionMask = 2147483647;
			files = (
				FBCE6BBF1CE5BF0900FA5006 /* LaunchScreen.storyboard in Resources */,
				FBCE6BBC1CE5BF0900FA5006 /* Assets.xcassets in Resources */,
				FBCE6BBA1CE5BF0900FA5006 /* Main.storyboard in Resources */,
			);
			runOnlyForDeploymentPostprocessing = 0;
		};
		FBCE6BC31CE5BF0900FA5006 /* Resources */ = {
			isa = PBXResourcesBuildPhase;
			buildActionMask = 2147483647;
			files = (
			);
			runOnlyForDeploymentPostprocessing = 0;
		};
		FBCE6BCE1CE5BF0900FA5006 /* Resources */ = {
			isa = PBXResourcesBuildPhase;
			buildActionMask = 2147483647;
			files = (
			);
			runOnlyForDeploymentPostprocessing = 0;
		};
/* End PBXResourcesBuildPhase section */

/* Begin PBXSourcesBuildPhase section */
		FBCE6BA81CE5BF0900FA5006 /* Sources */ = {
			isa = PBXSourcesBuildPhase;
			buildActionMask = 2147483647;
			files = (
				FBCE6BB71CE5BF0900FA5006 /* ViewController.m in Sources */,
				FBCE6BB41CE5BF0900FA5006 /* AppDelegate.m in Sources */,
				FBCE6BB11CE5BF0900FA5006 /* main.m in Sources */,
			);
			runOnlyForDeploymentPostprocessing = 0;
		};
		FBCE6BC11CE5BF0900FA5006 /* Sources */ = {
			isa = PBXSourcesBuildPhase;
			buildActionMask = 2147483647;
			files = (
				FBCE6BCA1CE5BF0900FA5006 /* CityChooseTests.m in Sources */,
			);
			runOnlyForDeploymentPostprocessing = 0;
		};
		FBCE6BCC1CE5BF0900FA5006 /* Sources */ = {
			isa = PBXSourcesBuildPhase;
			buildActionMask = 2147483647;
			files = (
				FBCE6BD51CE5BF0900FA5006 /* CityChooseUITests.m in Sources */,
			);
			runOnlyForDeploymentPostprocessing = 0;
		};
/* End PBXSourcesBuildPhase section */

/* Begin PBXTargetDependency section */
		FBCE6BC71CE5BF0900FA5006 /* PBXTargetDependency */ = {
			isa = PBXTargetDependency;
			target = FBCE6BAB1CE5BF0900FA5006 /* CityChoose */;
			targetProxy = FBCE6BC61CE5BF0900FA5006 /* PBXContainerItemProxy */;
		};
		FBCE6BD21CE5BF0900FA5006 /* PBXTargetDependency */ = {
			isa = PBXTargetDependency;
			target = FBCE6BAB1CE5BF0900FA5006 /* CityChoose */;
			targetProxy = FBCE6BD11CE5BF0900FA5006 /* PBXContainerItemProxy */;
		};
/* End PBXTargetDependency section */

/* Begin PBXVariantGroup section */
		FBCE6BB81CE5BF0900FA5006 /* Main.storyboard */ = {
			isa = PBXVariantGroup;
			children = (
				FBCE6BB91CE5BF0900FA5006 /* Base */,
			);
			name = Main.storyboard;
			sourceTree = "<group>";
		};
		FBCE6BBD1CE5BF0900FA5006 /* LaunchScreen.storyboard */ = {
			isa = PBXVariantGroup;
			children = (
				FBCE6BBE1CE5BF0900FA5006 /* Base */,
			);
			name = LaunchScreen.storyboard;
			sourceTree = "<group>";
		};
/* End PBXVariantGroup section */

/* Begin XCBuildConfiguration section */
		FBCE6BD71CE5BF0900FA5006 /* Debug */ = {
			isa = XCBuildConfiguration;
			buildSettings = {
				ALWAYS_SEARCH_USER_PATHS = NO;
				CLANG_ANALYZER_NONNULL = YES;
				CLANG_CXX_LANGUAGE_STANDARD = "gnu++0x";
				CLANG_CXX_LIBRARY = "libc++";
				CLANG_ENABLE_MODULES = YES;
				CLANG_ENABLE_OBJC_ARC = YES;
				CLANG_WARN_BOOL_CONVERSION = YES;
				CLANG_WARN_CONSTANT_CONVERSION = YES;
				CLANG_WARN_DIRECT_OBJC_ISA_USAGE = YES_ERROR;
				CLANG_WARN_EMPTY_BODY = YES;
				CLANG_WARN_ENUM_CONVERSION = YES;
				CLANG_WARN_INT_CONVERSION = YES;
				CLANG_WARN_OBJC_ROOT_CLASS = YES_ERROR;
				CLANG_WARN_UNREACHABLE_CODE = YES;
				CLANG_WARN__DUPLICATE_METHOD_MATCH = YES;
				"CODE_SIGN_IDENTITY[sdk=iphoneos*]" = "iPhone Developer";
				COPY_PHASE_STRIP = NO;
				DEBUG_INFORMATION_FORMAT = dwarf;
				ENABLE_STRICT_OBJC_MSGSEND = YES;
				ENABLE_TESTABILITY = YES;
				GCC_C_LANGUAGE_STANDARD = gnu99;
				GCC_DYNAMIC_NO_PIC = NO;
				GCC_NO_COMMON_BLOCKS = YES;
				GCC_OPTIMIZATION_LEVEL = 0;
				GCC_PREPROCESSOR_DEFINITIONS = (
					"DEBUG=1",
					"$(inherited)",
				);
				GCC_WARN_64_TO_32_BIT_CONVERSION = YES;
				GCC_WARN_ABOUT_RETURN_TYPE = YES_ERROR;
				GCC_WARN_UNDECLARED_SELECTOR = YES;
				GCC_WARN_UNINITIALIZED_AUTOS = YES_AGGRESSIVE;
				GCC_WARN_UNUSED_FUNCTION = YES;
				GCC_WARN_UNUSED_VARIABLE = YES;
				IPHONEOS_DEPLOYMENT_TARGET = 9.3;
				MTL_ENABLE_DEBUG_INFO = YES;
				ONLY_ACTIVE_ARCH = YES;
				SDKROOT = iphoneos;
			};
			name = Debug;
		};
		FBCE6BD81CE5BF0900FA5006 /* Release */ = {
			isa = XCBuildConfiguration;
			buildSettings = {
				ALWAYS_SEARCH_USER_PATHS = NO;
				CLANG_ANALYZER_NONNULL = YES;
				CLANG_CXX_LANGUAGE_STANDARD = "gnu++0x";
				CLANG_CXX_LIBRARY = "libc++";
				CLANG_ENABLE_MODULES = YES;
				CLANG_ENABLE_OBJC_ARC = YES;
				CLANG_WARN_BOOL_CONVERSION = YES;
				CLANG_WARN_CONSTANT_CONVERSION = YES;
				CLANG_WARN_DIRECT_OBJC_ISA_USAGE = YES_ERROR;
				CLANG_WARN_EMPTY_BODY = YES;
				CLANG_WARN_ENUM_CONVERSION = YES;
				CLANG_WARN_INT_CONVERSION = YES;
				CLANG_WARN_OBJC_ROOT_CLASS = YES_ERROR;
				CLANG_WARN_UNREACHABLE_CODE = YES;
				CLANG_WARN__DUPLICATE_METHOD_MATCH = YES;
				"CODE_SIGN_IDENTITY[sdk=iphoneos*]" = "iPhone Developer";
				COPY_PHASE_STRIP = NO;
				DEBUG_INFORMATION_FORMAT = "dwarf-with-dsym";
				ENABLE_NS_ASSERTIONS = NO;
				ENABLE_STRICT_OBJC_MSGSEND = YES;
				GCC_C_LANGUAGE_STANDARD = gnu99;
				GCC_NO_COMMON_BLOCKS = YES;
				GCC_WARN_64_TO_32_BIT_CONVERSION = YES;
				GCC_WARN_ABOUT_RETURN_TYPE = YES_ERROR;
				GCC_WARN_UNDECLARED_SELECTOR = YES;
				GCC_WARN_UNINITIALIZED_AUTOS = YES_AGGRESSIVE;
				GCC_WARN_UNUSED_FUNCTION = YES;
				GCC_WARN_UNUSED_VARIABLE = YES;
				IPHONEOS_DEPLOYMENT_TARGET = 9.3;
				MTL_ENABLE_DEBUG_INFO = NO;
				SDKROOT = iphoneos;
				VALIDATE_PRODUCT = YES;
			};
			name = Release;
		};
		FBCE6BDA1CE5BF0900FA5006 /* Debug */ = {
			isa = XCBuildConfiguration;
			buildSettings = {
				ASSETCATALOG_COMPILER_APPICON_NAME = AppIcon;
				INFOPLIST_FILE = CityChoose/Info.plist;
				LD_RUNPATH_SEARCH_PATHS = "$(inherited) @executable_path/Frameworks";
				PRODUCT_BUNDLE_IDENTIFIER = cn.yoyoy.mw.CityChoose;
				PRODUCT_NAME = "$(TARGET_NAME)";
			};
			name = Debug;
		};
		FBCE6BDB1CE5BF0900FA5006 /* Release */ = {
			isa = XCBuildConfiguration;
			buildSettings = {
				ASSETCATALOG_COMPILER_APPICON_NAME = AppIcon;
				INFOPLIST_FILE = CityChoose/Info.plist;
				LD_RUNPATH_SEARCH_PATHS = "$(inherited) @executable_path/Frameworks";
				PRODUCT_BUNDLE_IDENTIFIER = cn.yoyoy.mw.CityChoose;
				PRODUCT_NAME = "$(TARGET_NAME)";
			};
			name = Release;
		};
		FBCE6BDD1CE5BF0900FA5006 /* Debug */ = {
			isa = XCBuildConfiguration;
			buildSettings = {
				BUNDLE_LOADER = "$(TEST_HOST)";
				INFOPLIST_FILE = CityChooseTests/Info.plist;
				LD_RUNPATH_SEARCH_PATHS = "$(inherited) @executable_path/Frameworks @loader_path/Frameworks";
				PRODUCT_BUNDLE_IDENTIFIER = cn.yoyoy.mw.CityChooseTests;
				PRODUCT_NAME = "$(TARGET_NAME)";
				TEST_HOST = "$(BUILT_PRODUCTS_DIR)/CityChoose.app/CityChoose";
			};
			name = Debug;
		};
		FBCE6BDE1CE5BF0900FA5006 /* Release */ = {
			isa = XCBuildConfiguration;
			buildSettings = {
				BUNDLE_LOADER = "$(TEST_HOST)";
				INFOPLIST_FILE = CityChooseTests/Info.plist;
				LD_RUNPATH_SEARCH_PATHS = "$(inherited) @executable_path/Frameworks @loader_path/Frameworks";
				PRODUCT_BUNDLE_IDENTIFIER = cn.yoyoy.mw.CityChooseTests;
				PRODUCT_NAME = "$(TARGET_NAME)";
				TEST_HOST = "$(BUILT_PRODUCTS_DIR)/CityChoose.app/CityChoose";
			};
			name = Release;
		};
		FBCE6BE01CE5BF0900FA5006 /* Debug */ = {
			isa = XCBuildConfiguration;
			buildSettings = {
				INFOPLIST_FILE = CityChooseUITests/Info.plist;
				LD_RUNPATH_SEARCH_PATHS = "$(inherited) @executable_path/Frameworks @loader_path/Frameworks";
				PRODUCT_BUNDLE_IDENTIFIER = cn.yoyoy.mw.CityChooseUITests;
				PRODUCT_NAME = "$(TARGET_NAME)";
				TEST_TARGET_NAME = CityChoose;
			};
			name = Debug;
		};
		FBCE6BE11CE5BF0900FA5006 /* Release */ = {
			isa = XCBuildConfiguration;
			buildSettings = {
				INFOPLIST_FILE = CityChooseUITests/Info.plist;
				LD_RUNPATH_SEARCH_PATHS = "$(inherited) @executable_path/Frameworks @loader_path/Frameworks";
				PRODUCT_BUNDLE_IDENTIFIER = cn.yoyoy.mw.CityChooseUITests;
				PRODUCT_NAME = "$(TARGET_NAME)";
				TEST_TARGET_NAME = CityChoose;
			};
			name = Release;
		};
/* End XCBuildConfiguration section */

/* Begin XCConfigurationList section */
		FBCE6BA71CE5BF0900FA5006 /* Build configuration list for PBXProject "CityChoose" */ = {
			isa = XCConfigurationList;
			buildConfigurations = (
				FBCE6BD71CE5BF0900FA5006 /* Debug */,
				FBCE6BD81CE5BF0900FA5006 /* Release */,
			);
			defaultConfigurationIsVisible = 0;
			defaultConfigurationName = Release;
		};
		FBCE6BD91CE5BF0900FA5006 /* Build configuration list for PBXNativeTarget "CityChoose" */ = {
			isa = XCConfigurationList;
			buildConfigurations = (
				FBCE6BDA1CE5BF0900FA5006 /* Debug */,
				FBCE6BDB1CE5BF0900FA5006 /* Release */,
			);
			defaultConfigurationIsVisible = 0;
		};
		FBCE6BDC1CE5BF0900FA5006 /* Build configuration list for PBXNativeTarget "CityChooseTests" */ = {
			isa = XCConfigurationList;
			buildConfigurations = (
				FBCE6BDD1CE5BF0900FA5006 /* Debug */,
				FBCE6BDE1CE5BF0900FA5006 /* Release */,
			);
			defaultConfigurationIsVisible = 0;
		};
		FBCE6BDF1CE5BF0900FA5006 /* Build configuration list for PBXNativeTarget "CityChooseUITests" */ = {
			isa = XCConfigurationList;
			buildConfigurations = (
				FBCE6BE01CE5BF0900FA5006 /* Debug */,
				FBCE6BE11CE5BF0900FA5006 /* Release */,
			);
			defaultConfigurationIsVisible = 0;
		};
/* End XCConfigurationList section */
	};
	rootObject = FBCE6BA41CE5BF0900FA5006 /* Project object */;
}
